
Microsoft Visual Studio Solution File, Format Version 12.00
# Visual Studio 2013
VisualStudioVersion = 12.0.40629.0
MinimumVisualStudioVersion = 10.0.40219.1
Project("{FAE04EC0-301F-11D3-BF4B-00C04F79EFBC}") = "InContextCaseStudy.Logic.Mobile", "InContextCaseStudy.Logic\InContextCaseStudy.Logic.Mobile.csproj", "{1FAFBEC6-E429-4B4D-91AD-6EF03CA58D65}"
EndProject
Project("{FAE04EC0-301F-11D3-BF4B-00C04F79EFBC}") = "InContextCaseStudy.Android", "InContextCaseStudy.Android\InContextCaseStudy.Android.csproj", "{6D309415-28FC-4C21-9493-B371361068AE}"
EndProject
Project("{FAE04EC0-301F-11D3-BF4B-00C04F79EFBC}") = "InContextCaseStudy.Logic.Contracts", "InContextCaseStudy.Logic.Contracts\InContextCaseStudy.Logic.Contracts.csproj", "{3085A65B-8D0C-4981-9859-2840082A310E}"
EndProject
Project("{FAE04EC0-301F-11D3-BF4B-00C04F79EFBC}") = "InContextCaseStudy.Test", "InContextCaseStudy.Test\InContextCaseStudy.Test.csproj", "{710D9830-C199-4FEC-A9DC-5940E0B602BB}"
EndProject
Project("{FAE04EC0-301F-11D3-BF4B-00C04F79EFBC}") = "InContextCaseStudy.UI", "InContextCaseStudy.UI\InContextCaseStudy.UI.csproj", "{67F9D3A8-F71E-4428-913F-C37AE82CDB24}"
EndProject
Global
	GlobalSection(SolutionConfigurationPlatforms) = preSolution
		Ad-Hoc|Any CPU = Ad-Hoc|Any CPU
		Ad-Hoc|iPhone = Ad-Hoc|iPhone
		Ad-Hoc|iPhoneSimulator = Ad-Hoc|iPhoneSimulator
		Ad-Hoc|Mixed Platforms = Ad-Hoc|Mixed Platforms
		AppStore|Any CPU = AppStore|Any CPU
		AppStore|iPhone = AppStore|iPhone
		AppStore|iPhoneSimulator = AppStore|iPhoneSimulator
		AppStore|Mixed Platforms = AppStore|Mixed Platforms
		Debug|Any CPU = Debug|Any CPU
		Debug|iPhone = Debug|iPhone
		Debug|iPhoneSimulator = Debug|iPhoneSimulator
		Debug|Mixed Platforms = Debug|Mixed Platforms
		Release|Any CPU = Release|Any CPU
		Release|iPhone = Release|iPhone
		Release|iPhoneSimulator = Release|iPhoneSimulator
		Release|Mixed Platforms = Release|Mixed Platforms
	EndGlobalSection
	GlobalSection(ProjectConfigurationPlatforms) = postSolution
		{1FAFBEC6-E429-4B4D-91AD-6EF03CA58D65}.Ad-Hoc|Any CPU.ActiveCfg = Release|Any CPU
		{1FAFBEC6-E429-4B4D-91AD-6EF03CA58D65}.Ad-Hoc|Any CPU.Build.0 = Release|Any CPU
		{1FAFBEC6-E429-4B4D-91AD-6EF03CA58D65}.Ad-Hoc|iPhone.ActiveCfg = Release|Any CPU
		{1FAFBEC6-E429-4B4D-91AD-6EF03CA58D65}.Ad-Hoc|iPhoneSimulator.ActiveCfg = Release|Any CPU
		{1FAFBEC6-E429-4B4D-91AD-6EF03CA58D65}.Ad-Hoc|Mixed Platforms.ActiveCfg = Release|Any CPU
		{1FAFBEC6-E429-4B4D-91AD-6EF03CA58D65}.Ad-Hoc|Mixed Platforms.Build.0 = Release|Any CPU
		{1FAFBEC6-E429-4B4D-91AD-6EF03CA58D65}.AppStore|Any CPU.ActiveCfg = Release|Any CPU
		{1FAFBEC6-E429-4B4D-91AD-6EF03CA58D65}.AppStore|Any CPU.Build.0 = Release|Any CPU
		{1FAFBEC6-E429-4B4D-91AD-6EF03CA58D65}.AppStore|iPhone.ActiveCfg = Release|Any CPU
		{1FAFBEC6-E429-4B4D-91AD-6EF03CA58D65}.AppStore|iPhoneSimulator.ActiveCfg = Release|Any CPU
		{1FAFBEC6-E429-4B4D-91AD-6EF03CA58D65}.AppStore|Mixed Platforms.ActiveCfg = Release|Any CPU
		{1FAFBEC6-E429-4B4D-91AD-6EF03CA58D65}.AppStore|Mixed Platforms.Build.0 = Release|Any CPU
		{1FAFBEC6-E429-4B4D-91AD-6EF03CA58D65}.Debug|Any CPU.ActiveCfg = Debug|Any CPU
		{1FAFBEC6-E429-4B4D-91AD-6EF03CA58D65}.Debug|Any CPU.Build.0 = Debug|Any CPU
		{1FAFBEC6-E429-4B4D-91AD-6EF03CA58D65}.Debug|iPhone.ActiveCfg = Debug|Any CPU
		{1FAFBEC6-E429-4B4D-91AD-6EF03CA58D65}.Debug|iPhoneSimulator.ActiveCfg = Debug|Any CPU
		{1FAFBEC6-E429-4B4D-91AD-6EF03CA58D65}.Debug|Mixed Platforms.ActiveCfg = Debug|Any CPU
		{1FAFBEC6-E429-4B4D-91AD-6EF03CA58D65}.Debug|Mixed Platforms.Build.0 = Debug|Any CPU
		{1FAFBEC6-E429-4B4D-91AD-6EF03CA58D65}.Release|Any CPU.ActiveCfg = Release|Any CPU
		{1FAFBEC6-E429-4B4D-91AD-6EF03CA58D65}.Release|Any CPU.Build.0 = Release|Any CPU
		{1FAFBEC6-E429-4B4D-91AD-6EF03CA58D65}.Release|iPhone.ActiveCfg = Release|Any CPU
		{1FAFBEC6-E429-4B4D-91AD-6EF03CA58D65}.Release|iPhoneSimulator.ActiveCfg = Release|Any CPU
		{1FAFBEC6-E429-4B4D-91AD-6EF03CA58D65}.Release|Mixed Platforms.ActiveCfg = Release|Any CPU
		{1FAFBEC6-E429-4B4D-91AD-6EF03CA58D65}.Release|Mixed Platforms.Build.0 = Release|Any CPU
		{6D309415-28FC-4C21-9493-B371361068AE}.Ad-Hoc|Any CPU.ActiveCfg = Release|Any CPU
		{6D309415-28FC-4C21-9493-B371361068AE}.Ad-Hoc|Any CPU.Build.0 = Release|Any CPU
		{6D309415-28FC-4C21-9493-B371361068AE}.Ad-Hoc|Any CPU.Deploy.0 = Release|Any CPU
		{6D309415-28FC-4C21-9493-B371361068AE}.Ad-Hoc|iPhone.ActiveCfg = Release|Any CPU
		{6D309415-28FC-4C21-9493-B371361068AE}.Ad-Hoc|iPhoneSimulator.ActiveCfg = Release|Any CPU
		{6D309415-28FC-4C21-9493-B371361068AE}.Ad-Hoc|Mixed Platforms.ActiveCfg = Release|Any CPU
		{6D309415-28FC-4C21-9493-B371361068AE}.Ad-Hoc|Mixed Platforms.Build.0 = Release|Any CPU
		{6D309415-28FC-4C21-9493-B371361068AE}.Ad-Hoc|Mixed Platforms.Deploy.0 = Release|Any CPU
		{6D309415-28FC-4C21-9493-B371361068AE}.AppStore|Any CPU.ActiveCfg = Release|Any CPU
		{6D309415-28FC-4C21-9493-B371361068AE}.AppStore|Any CPU.Build.0 = Release|Any CPU
		{6D309415-28FC-4C21-9493-B371361068AE}.AppStore|Any CPU.Deploy.0 = Release|Any CPU
		{6D309415-28FC-4C21-9493-B371361068AE}.AppStore|iPhone.ActiveCfg = Release|Any CPU
		{6D309415-28FC-4C21-9493-B371361068AE}.AppStore|iPhoneSimulator.ActiveCfg = Release|Any CPU
		{6D309415-28FC-4C21-9493-B371361068AE}.AppStore|Mixed Platforms.ActiveCfg = Release|Any CPU
		{6D309415-28FC-4C21-9493-B371361068AE}.AppStore|Mixed Platforms.Build.0 = Release|Any CPU
		{6D309415-28FC-4C21-9493-B371361068AE}.AppStore|Mixed Platforms.Deploy.0 = Release|Any CPU
		{6D309415-28FC-4C21-9493-B371361068AE}.Debug|Any CPU.ActiveCfg = Debug|Any CPU
		{6D309415-28FC-4C21-9493-B371361068AE}.Debug|Any CPU.Build.0 = Debug|Any CPU
		{6D309415-28FC-4C21-9493-B371361068AE}.Debug|Any CPU.Deploy.0 = Debug|Any CPU
		{6D309415-28FC-4C21-9493-B371361068AE}.Debug|iPhone.ActiveCfg = Debug|Any CPU
		{6D309415-28FC-4C21-9493-B371361068AE}.Debug|iPhoneSimulator.ActiveCfg = Debug|Any CPU
		{6D309415-28FC-4C21-9493-B371361068AE}.Debug|Mixed Platforms.ActiveCfg = Debug|Any CPU
		{6D309415-28FC-4C21-9493-B371361068AE}.Debug|Mixed Platforms.Build.0 = Debug|Any CPU
		{6D309415-28FC-4C21-9493-B371361068AE}.Debug|Mixed Platforms.Deploy.0 = Debug|Any CPU
		{6D309415-28FC-4C21-9493-B371361068AE}.Release|Any CPU.ActiveCfg = Release|Any CPU
		{6D309415-28FC-4C21-9493-B371361068AE}.Release|Any CPU.Build.0 = Release|Any CPU
		{6D309415-28FC-4C21-9493-B371361068AE}.Release|Any CPU.Deploy.0 = Release|Any CPU
		{6D309415-28FC-4C21-9493-B371361068AE}.Release|iPhone.ActiveCfg = Release|Any CPU
		{6D309415-28FC-4C21-9493-B371361068AE}.Release|iPhoneSimulator.ActiveCfg = Release|Any CPU
		{6D309415-28FC-4C21-9493-B371361068AE}.Release|Mixed Platforms.ActiveCfg = Release|Any CPU
		{6D309415-28FC-4C21-9493-B371361068AE}.Release|Mixed Platforms.Build.0 = Release|Any CPU
		{6D309415-28FC-4C21-9493-B371361068AE}.Release|Mixed Platforms.Deploy.0 = Release|Any CPU
		{3085A65B-8D0C-4981-9859-2840082A310E}.Ad-Hoc|Any CPU.ActiveCfg = Release|Any CPU
		{3085A65B-8D0C-4981-9859-2840082A310E}.Ad-Hoc|Any CPU.Build.0 = Release|Any CPU
		{3085A65B-8D0C-4981-9859-2840082A310E}.Ad-Hoc|iPhone.ActiveCfg = Release|Any CPU
		{3085A65B-8D0C-4981-9859-2840082A310E}.Ad-Hoc|iPhoneSimulator.ActiveCfg = Release|Any CPU
		{3085A65B-8D0C-4981-9859-2840082A310E}.Ad-Hoc|Mixed Platforms.ActiveCfg = Release|Any CPU
		{3085A65B-8D0C-4981-9859-2840082A310E}.Ad-Hoc|Mixed Platforms.Build.0 = Release|Any CPU
		{3085A65B-8D0C-4981-9859-2840082A310E}.AppStore|Any CPU.ActiveCfg = Release|Any CPU
		{3085A65B-8D0C-4981-9859-2840082A310E}.AppStore|Any CPU.Build.0 = Release|Any CPU
		{3085A65B-8D0C-4981-9859-2840082A310E}.AppStore|iPhone.ActiveCfg = Release|Any CPU
		{3085A65B-8D0C-4981-9859-2840082A310E}.AppStore|iPhoneSimulator.ActiveCfg = Release|Any CPU
		{3085A65B-8D0C-4981-9859-2840082A310E}.AppStore|Mixed Platforms.ActiveCfg = Release|Any CPU
		{3085A65B-8D0C-4981-9859-2840082A310E}.AppStore|Mixed Platforms.Build.0 = Release|Any CPU
		{3085A65B-8D0C-4981-9859-2840082A310E}.Debug|Any CPU.ActiveCfg = Debug|Any CPU
		{3085A65B-8D0C-4981-9859-2840082A310E}.Debug|Any CPU.Build.0 = Debug|Any CPU
		{3085A65B-8D0C-4981-9859-2840082A310E}.Debug|iPhone.ActiveCfg = Debug|Any CPU
		{3085A65B-8D0C-4981-9859-2840082A310E}.Debug|iPhoneSimulator.ActiveCfg = Debug|Any CPU
		{3085A65B-8D0C-4981-9859-2840082A310E}.Debug|Mixed Platforms.ActiveCfg = Debug|Any CPU
		{3085A65B-8D0C-4981-9859-2840082A310E}.Debug|Mixed Platforms.Build.0 = Debug|Any CPU
		{3085A65B-8D0C-4981-9859-2840082A310E}.Release|Any CPU.ActiveCfg = Release|Any CPU
		{3085A65B-8D0C-4981-9859-2840082A310E}.Release|Any CPU.Build.0 = Release|Any CPU
		{3085A65B-8D0C-4981-9859-2840082A310E}.Release|iPhone.ActiveCfg = Release|Any CPU
		{3085A65B-8D0C-4981-9859-2840082A310E}.Release|iPhoneSimulator.ActiveCfg = Release|Any CPU
		{3085A65B-8D0C-4981-9859-2840082A310E}.Release|Mixed Platforms.ActiveCfg = Release|Any CPU
		{3085A65B-8D0C-4981-9859-2840082A310E}.Release|Mixed Platforms.Build.0 = Release|Any CPU
		{710D9830-C199-4FEC-A9DC-5940E0B602BB}.Ad-Hoc|Any CPU.ActiveCfg = Release|Any CPU
		{710D9830-C199-4FEC-A9DC-5940E0B602BB}.Ad-Hoc|Any CPU.Build.0 = Release|Any CPU
		{710D9830-C199-4FEC-A9DC-5940E0B602BB}.Ad-Hoc|iPhone.ActiveCfg = Release|Any CPU
		{710D9830-C199-4FEC-A9DC-5940E0B602BB}.Ad-Hoc|iPhoneSimulator.ActiveCfg = Release|Any CPU
		{710D9830-C199-4FEC-A9DC-5940E0B602BB}.Ad-Hoc|Mixed Platforms.ActiveCfg = Release|Any CPU
		{710D9830-C199-4FEC-A9DC-5940E0B602BB}.Ad-Hoc|Mixed Platforms.Build.0 = Release|Any CPU
		{710D9830-C199-4FEC-A9DC-5940E0B602BB}.AppStore|Any CPU.ActiveCfg = Release|Any CPU
		{710D9830-C199-4FEC-A9DC-5940E0B602BB}.AppStore|Any CPU.Build.0 = Release|Any CPU
		{710D9830-C199-4FEC-A9DC-5940E0B602BB}.AppStore|iPhone.ActiveCfg = Release|Any CPU
		{710D9830-C199-4FEC-A9DC-5940E0B602BB}.AppStore|iPhoneSimulator.ActiveCfg = Release|Any CPU
		{710D9830-C199-4FEC-A9DC-5940E0B602BB}.AppStore|Mixed Platforms.ActiveCfg = Release|Any CPU
		{710D9830-C199-4FEC-A9DC-5940E0B602BB}.AppStore|Mixed Platforms.Build.0 = Release|Any CPU
		{710D9830-C199-4FEC-A9DC-5940E0B602BB}.Debug|Any CPU.ActiveCfg = Debug|Any CPU
		{710D9830-C199-4FEC-A9DC-5940E0B602BB}.Debug|Any CPU.Build.0 = Debug|Any CPU
		{710D9830-C199-4FEC-A9DC-5940E0B602BB}.Debug|iPhone.ActiveCfg = Debug|Any CPU
		{710D9830-C199-4FEC-A9DC-5940E0B602BB}.Debug|iPhoneSimulator.ActiveCfg = Debug|Any CPU
		{710D9830-C199-4FEC-A9DC-5940E0B602BB}.Debug|Mixed Platforms.ActiveCfg = Debug|Any CPU
		{710D9830-C199-4FEC-A9DC-5940E0B602BB}.Debug|Mixed Platforms.Build.0 = Debug|Any CPU
		{710D9830-C199-4FEC-A9DC-5940E0B602BB}.Release|Any CPU.ActiveCfg = Release|Any CPU
		{710D9830-C199-4FEC-A9DC-5940E0B602BB}.Release|Any CPU.Build.0 = Release|Any CPU
		{710D9830-C199-4FEC-A9DC-5940E0B602BB}.Release|iPhone.ActiveCfg = Release|Any CPU
		{710D9830-C199-4FEC-A9DC-5940E0B602BB}.Release|iPhoneSimulator.ActiveCfg = Release|Any CPU
		{710D9830-C199-4FEC-A9DC-5940E0B602BB}.Release|Mixed Platforms.ActiveCfg = Release|Any CPU
		{710D9830-C199-4FEC-A9DC-5940E0B602BB}.Release|Mixed Platforms.Build.0 = Release|Any CPU
		{67F9D3A8-F71E-4428-913F-C37AE82CDB24}.Ad-Hoc|Any CPU.ActiveCfg = Release|Any CPU
		{67F9D3A8-F71E-4428-913F-C37AE82CDB24}.Ad-Hoc|Any CPU.Build.0 = Release|Any CPU
		{67F9D3A8-F71E-4428-913F-C37AE82CDB24}.Ad-Hoc|iPhone.ActiveCfg = Release|Any CPU
		{67F9D3A8-F71E-4428-913F-C37AE82CDB24}.Ad-Hoc|iPhoneSimulator.ActiveCfg = Release|Any CPU
		{67F9D3A8-F71E-4428-913F-C37AE82CDB24}.Ad-Hoc|Mixed Platforms.ActiveCfg = Release|Any CPU
		{67F9D3A8-F71E-4428-913F-C37AE82CDB24}.Ad-Hoc|Mixed Platforms.Build.0 = Release|Any CPU
		{67F9D3A8-F71E-4428-913F-C37AE82CDB24}.AppStore|Any CPU.ActiveCfg = Release|Any CPU
		{67F9D3A8-F71E-4428-913F-C37AE82CDB24}.AppStore|Any CPU.Build.0 = Release|Any CPU
		{67F9D3A8-F71E-4428-913F-C37AE82CDB24}.AppStore|iPhone.ActiveCfg = Release|Any CPU
		{67F9D3A8-F71E-4428-913F-C37AE82CDB24}.AppStore|iPhoneSimulator.ActiveCfg = Release|Any CPU
		{67F9D3A8-F71E-4428-913F-C37AE82CDB24}.AppStore|Mixed Platforms.ActiveCfg = Release|Any CPU
		{67F9D3A8-F71E-4428-913F-C37AE82CDB24}.AppStore|Mixed Platforms.Build.0 = Release|Any CPU
		{67F9D3A8-F71E-4428-913F-C37AE82CDB24}.Debug|Any CPU.ActiveCfg = Debug|Any CPU
		{67F9D3A8-F71E-4428-913F-C37AE82CDB24}.Debug|Any CPU.Build.0 = Debug|Any CPU
		{67F9D3A8-F71E-4428-913F-C37AE82CDB24}.Debug|iPhone.ActiveCfg = Debug|Any CPU
		{67F9D3A8-F71E-4428-913F-C37AE82CDB24}.Debug|iPhoneSimulator.ActiveCfg = Debug|Any CPU
		{67F9D3A8-F71E-4428-913F-C37AE82CDB24}.Debug|Mixed Platforms.ActiveCfg = Debug|Any CPU
		{67F9D3A8-F71E-4428-913F-C37AE82CDB24}.Debug|Mixed Platforms.Build.0 = Debug|Any CPU
		{67F9D3A8-F71E-4428-913F-C37AE82CDB24}.Release|Any CPU.ActiveCfg = Release|Any CPU
		{67F9D3A8-F71E-4428-913F-C37AE82CDB24}.Release|Any CPU.Build.0 = Release|Any CPU
		{67F9D3A8-F71E-4428-913F-C37AE82CDB24}.Release|iPhone.ActiveCfg = Release|Any CPU
		{67F9D3A8-F71E-4428-913F-C37AE82CDB24}.Release|iPhoneSimulator.ActiveCfg = Release|Any CPU
		{67F9D3A8-F71E-4428-913F-C37AE82CDB24}.Release|Mixed Platforms.ActiveCfg = Release|Any CPU
		{67F9D3A8-F71E-4428-913F-C37AE82CDB24}.Release|Mixed Platforms.Build.0 = Release|Any CPU
	EndGlobalSection
	GlobalSection(SolutionProperties) = preSolution
		HideSolutionNode = FALSE
	EndGlobalSection
EndGlobal
